// !$*UTF8*$!
{
	archiveVersion = 1;
	classes = {
	};
	objectVersion = 56;
	objects = {

/* Begin PBXBuildFile section */
		55B8A64F28E71B8300A9B43C /* GirinApp.swift in Sources */ = {isa = PBXBuildFile; fileRef = 55B8A64E28E71B8300A9B43C /* GirinApp.swift */; };
		55B8A65128E71B8300A9B43C /* ContentView.swift in Sources */ = {isa = PBXBuildFile; fileRef = 55B8A65028E71B8300A9B43C /* ContentView.swift */; };
		55B8A65328E71B8700A9B43C /* Assets.xcassets in Resources */ = {isa = PBXBuildFile; fileRef = 55B8A65228E71B8700A9B43C /* Assets.xcassets */; };
		55B8A65628E71B8700A9B43C /* Preview Assets.xcassets in Resources */ = {isa = PBXBuildFile; fileRef = 55B8A65528E71B8700A9B43C /* Preview Assets.xcassets */; };
		55B8A65F28E71BB800A9B43C /* BookModel.xcdatamodeld in Sources */ = {isa = PBXBuildFile; fileRef = 55B8A65D28E71BB800A9B43C /* BookModel.xcdatamodeld */; };
		55B8A66128E71CA700A9B43C /* KakaoBookModel.swift in Sources */ = {isa = PBXBuildFile; fileRef = 55B8A66028E71CA700A9B43C /* KakaoBookModel.swift */; };
		55B8A66428E71CDE00A9B43C /* DataController.swift in Sources */ = {isa = PBXBuildFile; fileRef = 55B8A66328E71CDE00A9B43C /* DataController.swift */; };
		55B8A66728E71E0400A9B43C /* BookImage.swift in Sources */ = {isa = PBXBuildFile; fileRef = 55B8A66628E71E0400A9B43C /* BookImage.swift */; };
		55B8A66A28E71E5000A9B43C /* AddBookView.swift in Sources */ = {isa = PBXBuildFile; fileRef = 55B8A66928E71E5000A9B43C /* AddBookView.swift */; };
		55B8A66C28E71E8300A9B43C /* HomeView.swift in Sources */ = {isa = PBXBuildFile; fileRef = 55B8A66B28E71E8300A9B43C /* HomeView.swift */; };
		55B8A66F28E71F0D00A9B43C /* BookView.swift in Sources */ = {isa = PBXBuildFile; fileRef = 55B8A66E28E71F0D00A9B43C /* BookView.swift */; };
		55B8A67128E720C700A9B43C /* EditBookView.swift in Sources */ = {isa = PBXBuildFile; fileRef = 55B8A67028E720C700A9B43C /* EditBookView.swift */; };
		55B8A67328E720FD00A9B43C /* SearchBookView.swift in Sources */ = {isa = PBXBuildFile; fileRef = 55B8A67228E720FD00A9B43C /* SearchBookView.swift */; };
		55B8A67528E7214E00A9B43C /* StatisticsView.swift in Sources */ = {isa = PBXBuildFile; fileRef = 55B8A67428E7214E00A9B43C /* StatisticsView.swift */; };
/* End PBXBuildFile section */

/* Begin PBXFileReference section */
		55B8A64B28E71B8300A9B43C /* Girin.app */ = {isa = PBXFileReference; explicitFileType = wrapper.application; includeInIndex = 0; path = Girin.app; sourceTree = BUILT_PRODUCTS_DIR; };
		55B8A64E28E71B8300A9B43C /* GirinApp.swift */ = {isa = PBXFileReference; lastKnownFileType = sourcecode.swift; path = GirinApp.swift; sourceTree = "<group>"; };
		55B8A65028E71B8300A9B43C /* ContentView.swift */ = {isa = PBXFileReference; lastKnownFileType = sourcecode.swift; path = ContentView.swift; sourceTree = "<group>"; };
		55B8A65228E71B8700A9B43C /* Assets.xcassets */ = {isa = PBXFileReference; lastKnownFileType = folder.assetcatalog; path = Assets.xcassets; sourceTree = "<group>"; };
		55B8A65528E71B8700A9B43C /* Preview Assets.xcassets */ = {isa = PBXFileReference; lastKnownFileType = folder.assetcatalog; path = "Preview Assets.xcassets"; sourceTree = "<group>"; };
		55B8A65E28E71BB800A9B43C /* BookModel.xcdatamodel */ = {isa = PBXFileReference; lastKnownFileType = wrapper.xcdatamodel; path = BookModel.xcdatamodel; sourceTree = "<group>"; };
		55B8A66028E71CA700A9B43C /* KakaoBookModel.swift */ = {isa = PBXFileReference; lastKnownFileType = sourcecode.swift; path = KakaoBookModel.swift; sourceTree = "<group>"; };
		55B8A66328E71CDE00A9B43C /* DataController.swift */ = {isa = PBXFileReference; lastKnownFileType = sourcecode.swift; path = DataController.swift; sourceTree = "<group>"; };
		55B8A66628E71E0400A9B43C /* BookImage.swift */ = {isa = PBXFileReference; lastKnownFileType = sourcecode.swift; path = BookImage.swift; sourceTree = "<group>"; };
		55B8A66928E71E5000A9B43C /* AddBookView.swift */ = {isa = PBXFileReference; lastKnownFileType = sourcecode.swift; path = AddBookView.swift; sourceTree = "<group>"; };
		55B8A66B28E71E8300A9B43C /* HomeView.swift */ = {isa = PBXFileReference; lastKnownFileType = sourcecode.swift; path = HomeView.swift; sourceTree = "<group>"; };
		55B8A66E28E71F0D00A9B43C /* BookView.swift */ = {isa = PBXFileReference; lastKnownFileType = sourcecode.swift; path = BookView.swift; sourceTree = "<group>"; };
		55B8A67028E720C700A9B43C /* EditBookView.swift */ = {isa = PBXFileReference; lastKnownFileType = sourcecode.swift; path = EditBookView.swift; sourceTree = "<group>"; };
		55B8A67228E720FD00A9B43C /* SearchBookView.swift */ = {isa = PBXFileReference; lastKnownFileType = sourcecode.swift; path = SearchBookView.swift; sourceTree = "<group>"; };
		55B8A67428E7214E00A9B43C /* StatisticsView.swift */ = {isa = PBXFileReference; lastKnownFileType = sourcecode.swift; path = StatisticsView.swift; sourceTree = "<group>"; };
/* End PBXFileReference section */

/* Begin PBXFrameworksBuildPhase section */
		55B8A64828E71B8300A9B43C /* Frameworks */ = {
			isa = PBXFrameworksBuildPhase;
			buildActionMask = 2147483647;
			files = (
			);
			runOnlyForDeploymentPostprocessing = 0;
		};
/* End PBXFrameworksBuildPhase section */

/* Begin PBXGroup section */
		55B8A64228E71B8200A9B43C = {
			isa = PBXGroup;
			children = (
				55B8A64D28E71B8300A9B43C /* Girin */,
				55B8A64C28E71B8300A9B43C /* Products */,
			);
			sourceTree = "<group>";
		};
		55B8A64C28E71B8300A9B43C /* Products */ = {
			isa = PBXGroup;
			children = (
				55B8A64B28E71B8300A9B43C /* Girin.app */,
			);
			name = Products;
			sourceTree = "<group>";
		};
		55B8A64D28E71B8300A9B43C /* Girin */ = {
			isa = PBXGroup;
			children = (
				55B8A66828E71E2300A9B43C /* Views */,
				55B8A66528E71DF400A9B43C /* Components */,
				55B8A66228E71CCD00A9B43C /* Utils */,
				55B8A65C28E71BA000A9B43C /* Model */,
				55B8A64E28E71B8300A9B43C /* GirinApp.swift */,
				55B8A65028E71B8300A9B43C /* ContentView.swift */,
				55B8A65228E71B8700A9B43C /* Assets.xcassets */,
				55B8A65428E71B8700A9B43C /* Preview Content */,
			);
			path = Girin;
			sourceTree = "<group>";
		};
		55B8A65428E71B8700A9B43C /* Preview Content */ = {
			isa = PBXGroup;
			children = (
				55B8A65528E71B8700A9B43C /* Preview Assets.xcassets */,
			);
			path = "Preview Content";
			sourceTree = "<group>";
		};
		55B8A65C28E71BA000A9B43C /* Model */ = {
			isa = PBXGroup;
			children = (
				55B8A65D28E71BB800A9B43C /* BookModel.xcdatamodeld */,
				55B8A66028E71CA700A9B43C /* KakaoBookModel.swift */,
			);
			path = Model;
			sourceTree = "<group>";
		};
		55B8A66228E71CCD00A9B43C /* Utils */ = {
			isa = PBXGroup;
			children = (
				55B8A66328E71CDE00A9B43C /* DataController.swift */,
			);
			path = Utils;
			sourceTree = "<group>";
		};
		55B8A66528E71DF400A9B43C /* Components */ = {
			isa = PBXGroup;
			children = (
				55B8A66628E71E0400A9B43C /* BookImage.swift */,
			);
			path = Components;
			sourceTree = "<group>";
		};
		55B8A66828E71E2300A9B43C /* Views */ = {
			isa = PBXGroup;
			children = (
				55B8A66928E71E5000A9B43C /* AddBookView.swift */,
				55B8A66B28E71E8300A9B43C /* HomeView.swift */,
				55B8A66E28E71F0D00A9B43C /* BookView.swift */,
				55B8A67028E720C700A9B43C /* EditBookView.swift */,
				55B8A67228E720FD00A9B43C /* SearchBookView.swift */,
				55B8A67428E7214E00A9B43C /* StatisticsView.swift */,
			);
			path = Views;
			sourceTree = "<group>";
		};
/* End PBXGroup section */

/* Begin PBXNativeTarget section */
		55B8A64A28E71B8300A9B43C /* Girin */ = {
			isa = PBXNativeTarget;
			buildConfigurationList = 55B8A65928E71B8700A9B43C /* Build configuration list for PBXNativeTarget "Girin" */;
			buildPhases = (
				55B8A64728E71B8300A9B43C /* Sources */,
				55B8A64828E71B8300A9B43C /* Frameworks */,
				55B8A64928E71B8300A9B43C /* Resources */,
			);
			buildRules = (
			);
			dependencies = (
			);
			name = Girin;
			productName = Girin;
			productReference = 55B8A64B28E71B8300A9B43C /* Girin.app */;
			productType = "com.apple.product-type.application";
		};
/* End PBXNativeTarget section */

/* Begin PBXProject section */
		55B8A64328E71B8200A9B43C /* Project object */ = {
			isa = PBXProject;
			attributes = {
				BuildIndependentTargetsInParallel = 1;
				LastSwiftUpdateCheck = 1400;
				LastUpgradeCheck = 1400;
				TargetAttributes = {
					55B8A64A28E71B8300A9B43C = {
						CreatedOnToolsVersion = 14.0.1;
					};
				};
			};
			buildConfigurationList = 55B8A64628E71B8200A9B43C /* Build configuration list for PBXProject "Girin" */;
			compatibilityVersion = "Xcode 14.0";
			developmentRegion = en;
			hasScannedForEncodings = 0;
			knownRegions = (
				en,
				Base,
			);
			mainGroup = 55B8A64228E71B8200A9B43C;
			productRefGroup = 55B8A64C28E71B8300A9B43C /* Products */;
			projectDirPath = "";
			projectRoot = "";
			targets = (
				55B8A64A28E71B8300A9B43C /* Girin */,
			);
		};
/* End PBXProject section */

/* Begin PBXResourcesBuildPhase section */
		55B8A64928E71B8300A9B43C /* Resources */ = {
			isa = PBXResourcesBuildPhase;
			buildActionMask = 2147483647;
			files = (
				55B8A65628E71B8700A9B43C /* Preview Assets.xcassets in Resources */,
				55B8A65328E71B8700A9B43C /* Assets.xcassets in Resources */,
			);
			runOnlyForDeploymentPostprocessing = 0;
		};
/* End PBXResourcesBuildPhase section */

/* Begin PBXSourcesBuildPhase section */
		55B8A64728E71B8300A9B43C /* Sources */ = {
			isa = PBXSourcesBuildPhase;
			buildActionMask = 2147483647;
			files = (
				55B8A66F28E71F0D00A9B43C /* BookView.swift in Sources */,
				55B8A67528E7214E00A9B43C /* StatisticsView.swift in Sources */,
				55B8A67128E720C700A9B43C /* EditBookView.swift in Sources */,
				55B8A67328E720FD00A9B43C /* SearchBookView.swift in Sources */,
				55B8A66A28E71E5000A9B43C /* AddBookView.swift in Sources */,
				55B8A66428E71CDE00A9B43C /* DataController.swift in Sources */,
				55B8A65128E71B8300A9B43C /* ContentView.swift in Sources */,
				55B8A65F28E71BB800A9B43C /* BookModel.xcdatamodeld in Sources */,
				55B8A66128E71CA700A9B43C /* KakaoBookModel.swift in Sources */,
				55B8A66C28E71E8300A9B43C /* HomeView.swift in Sources */,
				55B8A66728E71E0400A9B43C /* BookImage.swift in Sources */,
				55B8A64F28E71B8300A9B43C /* GirinApp.swift in Sources */,
			);
			runOnlyForDeploymentPostprocessing = 0;
		};
/* End PBXSourcesBuildPhase section */

/* Begin XCBuildConfiguration section */
		55B8A65728E71B8700A9B43C /* Debug */ = {
			isa = XCBuildConfiguration;
			buildSettings = {
				ALWAYS_SEARCH_USER_PATHS = NO;
				CLANG_ANALYZER_NONNULL = YES;
				CLANG_ANALYZER_NUMBER_OBJECT_CONVERSION = YES_AGGRESSIVE;
				CLANG_CXX_LANGUAGE_STANDARD = "gnu++20";
				CLANG_ENABLE_MODULES = YES;
				CLANG_ENABLE_OBJC_ARC = YES;
				CLANG_ENABLE_OBJC_WEAK = YES;
				CLANG_WARN_BLOCK_CAPTURE_AUTORELEASING = YES;
				CLANG_WARN_BOOL_CONVERSION = YES;
				CLANG_WARN_COMMA = YES;
				CLANG_WARN_CONSTANT_CONVERSION = YES;
				CLANG_WARN_DEPRECATED_OBJC_IMPLEMENTATIONS = YES;
				CLANG_WARN_DIRECT_OBJC_ISA_USAGE = YES_ERROR;
				CLANG_WARN_DOCUMENTATION_COMMENTS = YES;
				CLANG_WARN_EMPTY_BODY = YES;
				CLANG_WARN_ENUM_CONVERSION = YES;
				CLANG_WARN_INFINITE_RECURSION = YES;
				CLANG_WARN_INT_CONVERSION = YES;
				CLANG_WARN_NON_LITERAL_NULL_CONVERSION = YES;
				CLANG_WARN_OBJC_IMPLICIT_RETAIN_SELF = YES;
				CLANG_WARN_OBJC_LITERAL_CONVERSION = YES;
				CLANG_WARN_OBJC_ROOT_CLASS = YES_ERROR;
				CLANG_WARN_QUOTED_INCLUDE_IN_FRAMEWORK_HEADER = YES;
				CLANG_WARN_RANGE_LOOP_ANALYSIS = YES;
				CLANG_WARN_STRICT_PROTOTYPES = YES;
				CLANG_WARN_SUSPICIOUS_MOVE = YES;
				CLANG_WARN_UNGUARDED_AVAILABILITY = YES_AGGRESSIVE;
				CLANG_WARN_UNREACHABLE_CODE = YES;
				CLANG_WARN__DUPLICATE_METHOD_MATCH = YES;
				COPY_PHASE_STRIP = NO;
				DEBUG_INFORMATION_FORMAT = dwarf;
				ENABLE_STRICT_OBJC_MSGSEND = YES;
				ENABLE_TESTABILITY = YES;
				GCC_C_LANGUAGE_STANDARD = gnu11;
				GCC_DYNAMIC_NO_PIC = NO;
				GCC_NO_COMMON_BLOCKS = YES;
				GCC_OPTIMIZATION_LEVEL = 0;
				GCC_PREPROCESSOR_DEFINITIONS = (
					"DEBUG=1",
					"$(inherited)",
				);
				GCC_WARN_64_TO_32_BIT_CONVERSION = YES;
				GCC_WARN_ABOUT_RETURN_TYPE = YES_ERROR;
				GCC_WARN_UNDECLARED_SELECTOR = YES;
				GCC_WARN_UNINITIALIZED_AUTOS = YES_AGGRESSIVE;
				GCC_WARN_UNUSED_FUNCTION = YES;
				GCC_WARN_UNUSED_VARIABLE = YES;
				IPHONEOS_DEPLOYMENT_TARGET = 16.0;
				MTL_ENABLE_DEBUG_INFO = INCLUDE_SOURCE;
				MTL_FAST_MATH = YES;
				ONLY_ACTIVE_ARCH = YES;
				SDKROOT = iphoneos;
				SWIFT_ACTIVE_COMPILATION_CONDITIONS = DEBUG;
				SWIFT_OPTIMIZATION_LEVEL = "-Onone";
			};
			name = Debug;
		};
		55B8A65828E71B8700A9B43C /* Release */ = {
			isa = XCBuildConfiguration;
			buildSettings = {
				ALWAYS_SEARCH_USER_PATHS = NO;
				CLANG_ANALYZER_NONNULL = YES;
				CLANG_ANALYZER_NUMBER_OBJECT_CONVERSION = YES_AGGRESSIVE;
				CLANG_CXX_LANGUAGE_STANDARD = "gnu++20";
				CLANG_ENABLE_MODULES = YES;
				CLANG_ENABLE_OBJC_ARC = YES;
				CLANG_ENABLE_OBJC_WEAK = YES;
				CLANG_WARN_BLOCK_CAPTURE_AUTORELEASING = YES;
				CLANG_WARN_BOOL_CONVERSION = YES;
				CLANG_WARN_COMMA = YES;
				CLANG_WARN_CONSTANT_CONVERSION = YES;
				CLANG_WARN_DEPRECATED_OBJC_IMPLEMENTATIONS = YES;
				CLANG_WARN_DIRECT_OBJC_ISA_USAGE = YES_ERROR;
				CLANG_WARN_DOCUMENTATION_COMMENTS = YES;
				CLANG_WARN_EMPTY_BODY = YES;
				CLANG_WARN_ENUM_CONVERSION = YES;
				CLANG_WARN_INFINITE_RECURSION = YES;
				CLANG_WARN_INT_CONVERSION = YES;
				CLANG_WARN_NON_LITERAL_NULL_CONVERSION = YES;
				CLANG_WARN_OBJC_IMPLICIT_RETAIN_SELF = YES;
				CLANG_WARN_OBJC_LITERAL_CONVERSION = YES;
				CLANG_WARN_OBJC_ROOT_CLASS = YES_ERROR;
				CLANG_WARN_QUOTED_INCLUDE_IN_FRAMEWORK_HEADER = YES;
				CLANG_WARN_RANGE_LOOP_ANALYSIS = YES;
				CLANG_WARN_STRICT_PROTOTYPES = YES;
				CLANG_WARN_SUSPICIOUS_MOVE = YES;
				CLANG_WARN_UNGUARDED_AVAILABILITY = YES_AGGRESSIVE;
				CLANG_WARN_UNREACHABLE_CODE = YES;
				CLANG_WARN__DUPLICATE_METHOD_MATCH = YES;
				COPY_PHASE_STRIP = NO;
				DEBUG_INFORMATION_FORMAT = "dwarf-with-dsym";
				ENABLE_NS_ASSERTIONS = NO;
				ENABLE_STRICT_OBJC_MSGSEND = YES;
				GCC_C_LANGUAGE_STANDARD = gnu11;
				GCC_NO_COMMON_BLOCKS = YES;
				GCC_WARN_64_TO_32_BIT_CONVERSION = YES;
				GCC_WARN_ABOUT_RETURN_TYPE = YES_ERROR;
				GCC_WARN_UNDECLARED_SELECTOR = YES;
				GCC_WARN_UNINITIALIZED_AUTOS = YES_AGGRESSIVE;
				GCC_WARN_UNUSED_FUNCTION = YES;
				GCC_WARN_UNUSED_VARIABLE = YES;
				IPHONEOS_DEPLOYMENT_TARGET = 16.0;
				MTL_ENABLE_DEBUG_INFO = NO;
				MTL_FAST_MATH = YES;
				SDKROOT = iphoneos;
				SWIFT_COMPILATION_MODE = wholemodule;
				SWIFT_OPTIMIZATION_LEVEL = "-O";
				VALIDATE_PRODUCT = YES;
			};
			name = Release;
		};
		55B8A65A28E71B8700A9B43C /* Debug */ = {
			isa = XCBuildConfiguration;
			buildSettings = {
				ASSETCATALOG_COMPILER_APPICON_NAME = AppIcon;
				ASSETCATALOG_COMPILER_GLOBAL_ACCENT_COLOR_NAME = AccentColor;
				CODE_SIGN_STYLE = Automatic;
				CURRENT_PROJECT_VERSION = 1;
				DEVELOPMENT_ASSET_PATHS = "\"Girin/Preview Content\"";
				DEVELOPMENT_TEAM = CR2SSCG4DD;
				ENABLE_PREVIEWS = YES;
				GENERATE_INFOPLIST_FILE = YES;
				INFOPLIST_KEY_UIApplicationSceneManifest_Generation = YES;
				INFOPLIST_KEY_UIApplicationSupportsIndirectInputEvents = YES;
				INFOPLIST_KEY_UILaunchScreen_Generation = YES;
				INFOPLIST_KEY_UISupportedInterfaceOrientations_iPad = "UIInterfaceOrientationPortrait UIInterfaceOrientationPortraitUpsideDown UIInterfaceOrientationLandscapeLeft UIInterfaceOrientationLandscapeRight";
				INFOPLIST_KEY_UISupportedInterfaceOrientations_iPhone = "UIInterfaceOrientationPortrait UIInterfaceOrientationLandscapeLeft UIInterfaceOrientationLandscapeRight";
				LD_RUNPATH_SEARCH_PATHS = (
					"$(inherited)",
					"@executable_path/Frameworks",
				);
				MARKETING_VERSION = 1.0;
				PRODUCT_BUNDLE_IDENTIFIER = com.chanbinpark.Girin;
				PRODUCT_NAME = "$(TARGET_NAME)";
				SWIFT_EMIT_LOC_STRINGS = YES;
				SWIFT_VERSION = 5.0;
				TARGETED_DEVICE_FAMILY = "1,2";
			};
			name = Debug;
		};
		55B8A65B28E71B8700A9B43C /* Release */ = {
			isa = XCBuildConfiguration;
			buildSettings = {
				ASSETCATALOG_COMPILER_APPICON_NAME = AppIcon;
				ASSETCATALOG_COMPILER_GLOBAL_ACCENT_COLOR_NAME = AccentColor;
				CODE_SIGN_STYLE = Automatic;
				CURRENT_PROJECT_VERSION = 1;
				DEVELOPMENT_ASSET_PATHS = "\"Girin/Preview Content\"";
				DEVELOPMENT_TEAM = CR2SSCG4DD;
				ENABLE_PREVIEWS = YES;
				GENERATE_INFOPLIST_FILE = YES;
				INFOPLIST_KEY_UIApplicationSceneManifest_Generation = YES;
				INFOPLIST_KEY_UIApplicationSupportsIndirectInputEvents = YES;
				INFOPLIST_KEY_UILaunchScreen_Generation = YES;
				INFOPLIST_KEY_UISupportedInterfaceOrientations_iPad = "UIInterfaceOrientationPortrait UIInterfaceOrientationPortraitUpsideDown UIInterfaceOrientationLandscapeLeft UIInterfaceOrientationLandscapeRight";
				INFOPLIST_KEY_UISupportedInterfaceOrientations_iPhone = "UIInterfaceOrientationPortrait UIInterfaceOrientationLandscapeLeft UIInterfaceOrientationLandscapeRight";
				LD_RUNPATH_SEARCH_PATHS = (
					"$(inherited)",
					"@executable_path/Frameworks",
				);
				MARKETING_VERSION = 1.0;
				PRODUCT_BUNDLE_IDENTIFIER = com.chanbinpark.Girin;
				PRODUCT_NAME = "$(TARGET_NAME)";
				SWIFT_EMIT_LOC_STRINGS = YES;
				SWIFT_VERSION = 5.0;
				TARGETED_DEVICE_FAMILY = "1,2";
			};
			name = Release;
		};
/* End XCBuildConfiguration section */

/* Begin XCConfigurationList section */
		55B8A64628E71B8200A9B43C /* Build configuration list for PBXProject "Girin" */ = {
			isa = XCConfigurationList;
			buildConfigurations = (
				55B8A65728E71B8700A9B43C /* Debug */,
				55B8A65828E71B8700A9B43C /* Release */,
			);
			defaultConfigurationIsVisible = 0;
			defaultConfigurationName = Release;
		};
		55B8A65928E71B8700A9B43C /* Build configuration list for PBXNativeTarget "Girin" */ = {
			isa = XCConfigurationList;
			buildConfigurations = (
				55B8A65A28E71B8700A9B43C /* Debug */,
				55B8A65B28E71B8700A9B43C /* Release */,
			);
			defaultConfigurationIsVisible = 0;
			defaultConfigurationName = Release;
		};
/* End XCConfigurationList section */

/* Begin XCVersionGroup section */
		55B8A65D28E71BB800A9B43C /* BookModel.xcdatamodeld */ = {
			isa = XCVersionGroup;
			children = (
				55B8A65E28E71BB800A9B43C /* BookModel.xcdatamodel */,
			);
			currentVersion = 55B8A65E28E71BB800A9B43C /* BookModel.xcdatamodel */;
			path = BookModel.xcdatamodeld;
			sourceTree = "<group>";
			versionGroupType = wrapper.xcdatamodel;
		};
/* End XCVersionGroup section */
	};
	rootObject = 55B8A64328E71B8200A9B43C /* Project object */;
}
